Microsoft Visual Studio Solution File, Format Version 12.00
# Visual Studio Version 17
VisualStudioVersion = 17.5.2.0
MinimumVisualStudioVersion = 10.0.40219.1
Project("{FAE04EC0-301F-11D3-BF4B-00C04F79EFBC}") = "roleta", "roleta.csproj", "{36B9778C-03A8-5210-399B-482DCAE115D2}"
EndProject
Global
	GlobalSection(SolutionConfigurationPlatforms) = preSolution
		Debug|Any CPU = Debug|Any CPU
		Release|Any CPU = Release|Any CPU
	EndGlobalSection
	GlobalSection(ProjectConfigurationPlatforms) = postSolution
		{36B9778C-03A8-5210-399B-482DCAE115D2}.Debug|Any CPU.ActiveCfg = Debug|Any CPU
		{36B9778C-03A8-5210-399B-482DCAE115D2}.Debug|Any CPU.Build.0 = Debug|Any CPU
		{36B9778C-03A8-5210-399B-482DCAE115D2}.Release|Any CPU.ActiveCfg = Release|Any CPU
		{36B9778C-03A8-5210-399B-482DCAE115D2}.Release|Any CPU.Build.0 = Release|Any CPU
	EndGlobalSection
	GlobalSection(SolutionProperties) = preSolution
		HideSolutionNode = FALSE
	EndGlobalSection
	GlobalSection(ExtensibilityGlobals) = postSolution
		SolutionGuid = {6BB391A2-D3B1-4E0B-A0A5-F30CC0B4B27E}
	EndGlobalSection
EndGlobal
